
Microsoft Visual Studio Solution File, Format Version 12.00
# Visual Studio Version 17
VisualStudioVersion = 17.9.34902.65
MinimumVisualStudioVersion = 10.0.40219.1
Project("{9A19103F-16F7-4668-BE54-9A1E7A4F7556}") = "MvcProject", "MvcProject\MvcProject.csproj", "{1DA8B65D-10B1-47A4-BA5C-5F104CF28358}"
EndProject
Project("{9A19103F-16F7-4668-BE54-9A1E7A4F7556}") = "BankingApi", "BankingApi\BankingApi.csproj", "{F36078AA-AA65-40B7-B2F3-99637DE3D614}"
EndProject
Project("{FAE04EC0-301F-11D3-BF4B-00C04F79EFBC}") = "CasinoApi", "CasinoApi\CasinoApi.csproj", "{B4018525-3FAC-4A87-8D31-A6F16EF312D7}"
EndProject
Global
	GlobalSection(SolutionConfigurationPlatforms) = preSolution
		Debug|Any CPU = Debug|Any CPU
		Release|Any CPU = Release|Any CPU
	EndGlobalSection
	GlobalSection(ProjectConfigurationPlatforms) = postSolution
		{1DA8B65D-10B1-47A4-BA5C-5F104CF28358}.Debug|Any CPU.ActiveCfg = Debug|Any CPU
		{1DA8B65D-10B1-47A4-BA5C-5F104CF28358}.Debug|Any CPU.Build.0 = Debug|Any CPU
		{1DA8B65D-10B1-47A4-BA5C-5F104CF28358}.Release|Any CPU.ActiveCfg = Release|Any CPU
		{1DA8B65D-10B1-47A4-BA5C-5F104CF28358}.Release|Any CPU.Build.0 = Release|Any CPU
		{F36078AA-AA65-40B7-B2F3-99637DE3D614}.Debug|Any CPU.ActiveCfg = Debug|Any CPU
		{F36078AA-AA65-40B7-B2F3-99637DE3D614}.Debug|Any CPU.Build.0 = Debug|Any CPU
		{F36078AA-AA65-40B7-B2F3-99637DE3D614}.Release|Any CPU.ActiveCfg = Release|Any CPU
		{F36078AA-AA65-40B7-B2F3-99637DE3D614}.Release|Any CPU.Build.0 = Release|Any CPU
		{B4018525-3FAC-4A87-8D31-A6F16EF312D7}.Debug|Any CPU.ActiveCfg = Debug|Any CPU
		{B4018525-3FAC-4A87-8D31-A6F16EF312D7}.Debug|Any CPU.Build.0 = Debug|Any CPU
		{B4018525-3FAC-4A87-8D31-A6F16EF312D7}.Release|Any CPU.ActiveCfg = Release|Any CPU
		{B4018525-3FAC-4A87-8D31-A6F16EF312D7}.Release|Any CPU.Build.0 = Release|Any CPU
	EndGlobalSection
	GlobalSection(SolutionProperties) = preSolution
		HideSolutionNode = FALSE
	EndGlobalSection
	GlobalSection(ExtensibilityGlobals) = postSolution
		SolutionGuid = {A1432A0F-C95E-4274-91DC-8FEDFDD98F7A}
	EndGlobalSection
EndGlobal
